
Microsoft Visual Studio Solution File, Format Version 12.00
# Visual Studio Version 17
VisualStudioVersion = 17.5.002.0
MinimumVisualStudioVersion = 10.0.40219.1
Project("{9A19103F-16F7-4668-BE54-9A1E7A4F7556}") = "API", "API.csproj", "{1673C166-9EAF-454F-B8E9-88B6BDF421EB}"
EndProject
Global
	GlobalSection(SolutionConfigurationPlatforms) = preSolution
		Debug|Any CPU = Debug|Any CPU
		Release|Any CPU = Release|Any CPU
	EndGlobalSection
	GlobalSection(ProjectConfigurationPlatforms) = postSolution
		{1673C166-9EAF-454F-B8E9-88B6BDF421EB}.Debug|Any CPU.ActiveCfg = Debug|Any CPU
		{1673C166-9EAF-454F-B8E9-88B6BDF421EB}.Debug|Any CPU.Build.0 = Debug|Any CPU
		{1673C166-9EAF-454F-B8E9-88B6BDF421EB}.Release|Any CPU.ActiveCfg = Release|Any CPU
		{1673C166-9EAF-454F-B8E9-88B6BDF421EB}.Release|Any CPU.Build.0 = Release|Any CPU
	EndGlobalSection
	GlobalSection(SolutionProperties) = preSolution
		HideSolutionNode = FALSE
	EndGlobalSection
	GlobalSection(ExtensibilityGlobals) = postSolution
		SolutionGuid = {C3D710E2-418F-4A0A-82AD-2E2B765C3D29}
	EndGlobalSection
EndGlobal
